<?xml version="1.0" encoding="utf-8"?>
<Project ToolsVersion="4.0" xmlns="http://schemas.microsoft.com/developer/msbuild/2003">
  <ItemGroup>
    <Filter Include="Source Files">
      <UniqueIdentifier>{4FC737F1-C7A5-4376-A066-2A32D752A2FF}</UniqueIdentifier>
      <Extensions>cpp;c;cc;cxx;def;odl;idl;hpj;bat;asm;asmx</Extensions>
    </Filter>
    <Filter Include="Header Files">
      <UniqueIdentifier>{93995380-89BD-4b04-88EB-625FBE52EBFB}</UniqueIdentifier>
      <Extensions>h;hh;hpp;hxx;hm;inl;inc;xsd</Extensions>
    </Filter>
    <Filter Include="Resource Files">
      <UniqueIdentifier>{67DA6AB6-F800-4c08-8B7A-83BB121AAD01}</UniqueIdentifier>
      <Extensions>rc;ico;cur;bmp;dlg;rc2;rct;bin;rgs;gif;jpg;jpeg;jpe;resx;tiff;tif;png;wav;mfcribbon-ms</Extensions>
    </Filter>
  </ItemGroup>
  <ItemGroup>
    <ClInclude Include="stdafx.h">
      <Filter>Header Files</Filter>
    </ClInclude>
    <ClInclude Include="targetver.h">
      <Filter>Header Files</Filter>
    </ClInclude>
    <ClInclude Include="..\..\litwindow\odbc\internals.h">
      <Filter>Header Files</Filter>
    </ClInclude>
    <ClInclude Include="..\..\litwindow\odbc\lwodbc.h">
      <Filter>Header Files</Filter>
    </ClInclude>
    <ClInclude Include="..\..\litwindow\odbc\lwodbc_def.h">
      <Filter>Header Files</Filter>
    </ClInclude>
    <ClInclude Include="..\..\litwindow\odbc\MD5.H">
      <Filter>Header Files</Filter>
    </ClInclude>
    <ClInclude Include="..\..\litwindow\odbc\odbc_fwd.h">
      <Filter>Header Files</Filter>
    </ClInclude>
    <ClInclude Include="..\..\litwindow\odbc\statement.h">
      <Filter>Header Files</Filter>
    </ClInclude>
    <ClInclude Include="..\..\litwindow\odbc\table.h">
      <Filter>Header Files</Filter>
    </ClInclude>
    <ClInclude Include="..\..\litwindow\odbc\utility.h">
      <Filter>Header Files</Filter>
    </ClInclude>
    <ClInclude Include="..\..\litwindow\odbc\binder.h">
      <Filter>Header Files</Filter>
    </ClInclude>
    <ClInclude Include="..\..\litwindow\odbc\catalog.h">
      <Filter>Header Files</Filter>
    </ClInclude>
    <ClInclude Include="..\..\litwindow\odbc\connection.h">
      <Filter>Header Files</Filter>
    </ClInclude>
    <ClInclude Include="..\..\litwindow\odbc\dbms.h">
      <Filter>Header Files</Filter>
    </ClInclude>
    <ClInclude Include="..\..\litwindow\odbc\dbms_ms_access.h">
      <Filter>Header Files</Filter>
    </ClInclude>
    <ClInclude Include="..\..\litwindow\odbc\dbms_ms_excel.h">
      <Filter>Header Files</Filter>
    </ClInclude>
  </ItemGroup>
  <ItemGroup>
    <ClCompile Include="stdafx.cpp">
      <Filter>Source Files</Filter>
    </ClCompile>
    <ClCompile Include="dbms.cpp">
      <Filter>Source Files</Filter>
    </ClCompile>
    <ClCompile Include="dbms_ms_access.cpp">
      <Filter>Source Files</Filter>
    </ClCompile>
    <ClCompile Include="dbms_ms_excel.cpp">
      <Filter>Source Files</Filter>
    </ClCompile>
    <ClCompile Include="internals.cpp">
      <Filter>Source Files</Filter>
    </ClCompile>
    <ClCompile Include="lwodbc.cpp">
      <Filter>Source Files</Filter>
    </ClCompile>
    <ClCompile Include="MD5.CPP">
      <Filter>Source Files</Filter>
    </ClCompile>
    <ClCompile Include="statement.cpp">
      <Filter>Source Files</Filter>
    </ClCompile>
    <ClCompile Include="statement_parser.cpp">
      <Filter>Source Files</Filter>
    </ClCompile>
    <ClCompile Include="table.cpp">
      <Filter>Source Files</Filter>
    </ClCompile>
    <ClCompile Include="utility.cpp">
      <Filter>Source Files</Filter>
    </ClCompile>
    <ClCompile Include="binder.cpp">
      <Filter>Source Files</Filter>
    </ClCompile>
    <ClCompile Include="catalog.cpp">
      <Filter>Source Files</Filter>
    </ClCompile>
    <ClCompile Include="connection.cpp">
      <Filter>Source Files</Filter>
    </ClCompile>
    <ClCompile Include="connection_script_parser.cpp">
      <Filter>Source Files</Filter>
    </ClCompile>
  </ItemGroup>
</Project>