<?xml version="1.0" encoding="utf-8"?>
<Project ToolsVersion="4.0" xmlns="http://schemas.microsoft.com/developer/msbuild/2003">
  <ItemGroup>
    <Filter Include="Source Files">
      <UniqueIdentifier>{4FC737F1-C7A5-4376-A066-2A32D752A2FF}</UniqueIdentifier>
      <Extensions>cpp;c;cc;cxx;def;odl;idl;hpj;bat;asm;asmx</Extensions>
    </Filter>
    <Filter Include="Header Files">
      <UniqueIdentifier>{93995380-89BD-4b04-88EB-625FBE52EBFB}</UniqueIdentifier>
      <Extensions>h;hh;hpp;hxx;hm;inl;inc;xsd</Extensions>
    </Filter>
    <Filter Include="Resource Files">
      <UniqueIdentifier>{67DA6AB6-F800-4c08-8B7A-83BB121AAD01}</UniqueIdentifier>
      <Extensions>rc;ico;cur;bmp;dlg;rc2;rct;bin;rgs;gif;jpg;jpeg;jpe;resx;tiff;tif;png;wav;mfcribbon-ms</Extensions>
    </Filter>
  </ItemGroup>
  <ItemGroup>
    <ClInclude Include="targetver.h">
      <Filter>Header Files</Filter>
    </ClInclude>
    <ClInclude Include="base_objects.h">
      <Filter>Header Files</Filter>
    </ClInclude>
    <ClInclude Include="stdwx.h">
      <Filter>Header Files</Filter>
    </ClInclude>
    <ClInclude Include="wxbook_objects.h">
      <Filter>Header Files</Filter>
    </ClInclude>
    <ClInclude Include="wxbutton_objects.h">
      <Filter>Header Files</Filter>
    </ClInclude>
    <ClInclude Include="wxList_objects.h">
      <Filter>Header Files</Filter>
    </ClInclude>
    <ClInclude Include="wxmisc_objects.h">
      <Filter>Header Files</Filter>
    </ClInclude>
    <ClInclude Include="wxtext_objects.h">
      <Filter>Header Files</Filter>
    </ClInclude>
    <ClInclude Include="..\..\litwindow\wx\action_objects.h">
      <Filter>Header Files</Filter>
    </ClInclude>
    <ClInclude Include="..\..\litwindow\wx\basic_list_mediator.hpp">
      <Filter>Header Files</Filter>
    </ClInclude>
    <ClInclude Include="..\..\litwindow\wx\dynamic_menu.h">
      <Filter>Header Files</Filter>
    </ClInclude>
    <ClInclude Include="..\..\litwindow\wx\extended_error.h">
      <Filter>Header Files</Filter>
    </ClInclude>
    <ClInclude Include="..\..\litwindow\wx\extended_error_dialog.h">
      <Filter>Header Files</Filter>
    </ClInclude>
    <ClInclude Include="..\..\litwindow\wx\list_mediator.hpp">
      <Filter>Header Files</Filter>
    </ClInclude>
    <ClInclude Include="..\..\litwindow\wx\lwwx.h">
      <Filter>Header Files</Filter>
    </ClInclude>
    <ClInclude Include="..\..\litwindow\wx\new_widgets.h">
      <Filter>Header Files</Filter>
    </ClInclude>
    <ClInclude Include="..\..\litwindow\wx\rapidUI.h">
      <Filter>Header Files</Filter>
    </ClInclude>
    <ClInclude Include="..\..\litwindow\wx\wxGrid_mediator.hpp">
      <Filter>Header Files</Filter>
    </ClInclude>
    <ClInclude Include="..\..\litwindow\wx\wxio.h">
      <Filter>Header Files</Filter>
    </ClInclude>
    <ClInclude Include="..\..\litwindow\ui\basic_list_mediator.hpp">
      <Filter>Header Files</Filter>
    </ClInclude>
    <ClInclude Include="..\..\litwindow\ui\edit_mediator.hpp">
      <Filter>Header Files</Filter>
    </ClInclude>
    <ClInclude Include="..\..\litwindow\ui\list_mediator.hpp">
      <Filter>Header Files</Filter>
    </ClInclude>
    <ClInclude Include="..\..\litwindow\ui\list_mediator_imp.hpp">
      <Filter>Header Files</Filter>
    </ClInclude>
    <ClInclude Include="..\..\litwindow\ui\odbc_list_mediator.hpp">
      <Filter>Header Files</Filter>
    </ClInclude>
  </ItemGroup>
  <ItemGroup>
    <ClCompile Include="action_objects.cpp">
      <Filter>Source Files</Filter>
    </ClCompile>
    <ClCompile Include="base_objects.cpp">
      <Filter>Source Files</Filter>
    </ClCompile>
    <ClCompile Include="basic_list_mediator.cpp">
      <Filter>Source Files</Filter>
    </ClCompile>
    <ClCompile Include="extended_error_dialog.cpp">
      <Filter>Source Files</Filter>
    </ClCompile>
    <ClCompile Include="lwwx.cpp">
      <Filter>Source Files</Filter>
    </ClCompile>
    <ClCompile Include="new_widgets.cpp">
      <Filter>Source Files</Filter>
    </ClCompile>
    <ClCompile Include="rapidUI.cpp">
      <Filter>Source Files</Filter>
    </ClCompile>
    <ClCompile Include="rapidUI_parser.cpp">
      <Filter>Source Files</Filter>
    </ClCompile>
    <ClCompile Include="stdwx.cpp">
      <Filter>Source Files</Filter>
    </ClCompile>
    <ClCompile Include="wxbook_objects.cpp">
      <Filter>Source Files</Filter>
    </ClCompile>
    <ClCompile Include="wxbutton_objects.cpp">
      <Filter>Source Files</Filter>
    </ClCompile>
    <ClCompile Include="wxio.cpp">
      <Filter>Source Files</Filter>
    </ClCompile>
    <ClCompile Include="wxList_objects.cpp">
      <Filter>Source Files</Filter>
    </ClCompile>
    <ClCompile Include="wxmisc_objects.cpp">
      <Filter>Source Files</Filter>
    </ClCompile>
    <ClCompile Include="wxtext_objects.cpp">
      <Filter>Source Files</Filter>
    </ClCompile>
  </ItemGroup>
</Project>