
Microsoft Visual Studio Solution File, Format Version 10.00
# Visual Studio 2008
Project("{8BC9CEB8-8B4A-11D0-8D11-00A0C91BC942}") = "litwindow-VC90", "litwindow-VC90.vcproj", "{C7FF15DB-BD9D-4165-A752-4AD34483DB7A}"
EndProject
Project("{8BC9CEB8-8B4A-11D0-8D11-00A0C91BC942}") = "lwbase-vc90", "libs\lwbase-VC90\lwbase-VC90.vcproj", "{3574B45C-ED89-473C-92FC-251BCD966664}"
EndProject
Project("{8BC9CEB8-8B4A-11D0-8D11-00A0C91BC942}") = "odbc", "libs\odbc\odbc.vcproj", "{C4667EDB-00C3-4786-90FC-14877A0FCDF9}"
	ProjectSection(ProjectDependencies) = postProject
		{3574B45C-ED89-473C-92FC-251BCD966664} = {3574B45C-ED89-473C-92FC-251BCD966664}
	EndProjectSection
EndProject
Project("{8BC9CEB8-8B4A-11D0-8D11-00A0C91BC942}") = "lwwx", "libs\lwwx\lwwx.vcproj", "{67C5A0AD-747F-4A92-8A1A-BA7491F26E8D}"
	ProjectSection(ProjectDependencies) = postProject
		{3574B45C-ED89-473C-92FC-251BCD966664} = {3574B45C-ED89-473C-92FC-251BCD966664}
	EndProjectSection
EndProject
Project("{8BC9CEB8-8B4A-11D0-8D11-00A0C91BC942}") = "list_mediator", "libs\lwwx\samples\generic_list_mediator\list_mediator.vcproj", "{9926C1F5-D07F-43FF-959C-7CD14594951D}"
	ProjectSection(ProjectDependencies) = postProject
		{3574B45C-ED89-473C-92FC-251BCD966664} = {3574B45C-ED89-473C-92FC-251BCD966664}
		{67C5A0AD-747F-4A92-8A1A-BA7491F26E8D} = {67C5A0AD-747F-4A92-8A1A-BA7491F26E8D}
	EndProjectSection
EndProject
Project("{8BC9CEB8-8B4A-11D0-8D11-00A0C91BC942}") = "lwbase_unittest", "libs\lwbase\unittest\lwbase_unittest.vcproj", "{380677A9-085E-4F1F-88CF-F46781141ABA}"
EndProject
Global
	GlobalSection(SolutionConfigurationPlatforms) = preSolution
		Debug|Win32 = Debug|Win32
		DebugOptimize|Win32 = DebugOptimize|Win32
		Release|Win32 = Release|Win32
		Unicode Debug|Win32 = Unicode Debug|Win32
		Unicode Release|Win32 = Unicode Release|Win32
	EndGlobalSection
	GlobalSection(ProjectConfigurationPlatforms) = postSolution
		{C7FF15DB-BD9D-4165-A752-4AD34483DB7A}.Debug|Win32.ActiveCfg = Debug|Win32
		{C7FF15DB-BD9D-4165-A752-4AD34483DB7A}.Debug|Win32.Build.0 = Debug|Win32
		{C7FF15DB-BD9D-4165-A752-4AD34483DB7A}.DebugOptimize|Win32.ActiveCfg = Debug|Win32
		{C7FF15DB-BD9D-4165-A752-4AD34483DB7A}.Release|Win32.ActiveCfg = Release|Win32
		{C7FF15DB-BD9D-4165-A752-4AD34483DB7A}.Release|Win32.Build.0 = Release|Win32
		{C7FF15DB-BD9D-4165-A752-4AD34483DB7A}.Unicode Debug|Win32.ActiveCfg = Debug|Win32
		{C7FF15DB-BD9D-4165-A752-4AD34483DB7A}.Unicode Release|Win32.ActiveCfg = Release|Win32
		{3574B45C-ED89-473C-92FC-251BCD966664}.Debug|Win32.ActiveCfg = Debug|Win32
		{3574B45C-ED89-473C-92FC-251BCD966664}.Debug|Win32.Build.0 = Debug|Win32
		{3574B45C-ED89-473C-92FC-251BCD966664}.DebugOptimize|Win32.ActiveCfg = DebugOptimize|Win32
		{3574B45C-ED89-473C-92FC-251BCD966664}.DebugOptimize|Win32.Build.0 = DebugOptimize|Win32
		{3574B45C-ED89-473C-92FC-251BCD966664}.Release|Win32.ActiveCfg = Release|Win32
		{3574B45C-ED89-473C-92FC-251BCD966664}.Unicode Debug|Win32.ActiveCfg = Debug|Win32
		{3574B45C-ED89-473C-92FC-251BCD966664}.Unicode Debug|Win32.Build.0 = Debug|Win32
		{3574B45C-ED89-473C-92FC-251BCD966664}.Unicode Release|Win32.ActiveCfg = Release|Win32
		{3574B45C-ED89-473C-92FC-251BCD966664}.Unicode Release|Win32.Build.0 = Release|Win32
		{C4667EDB-00C3-4786-90FC-14877A0FCDF9}.Debug|Win32.ActiveCfg = Debug|Win32
		{C4667EDB-00C3-4786-90FC-14877A0FCDF9}.DebugOptimize|Win32.ActiveCfg = DebugOptimize|Win32
		{C4667EDB-00C3-4786-90FC-14877A0FCDF9}.DebugOptimize|Win32.Build.0 = DebugOptimize|Win32
		{C4667EDB-00C3-4786-90FC-14877A0FCDF9}.Release|Win32.ActiveCfg = Release|Win32
		{C4667EDB-00C3-4786-90FC-14877A0FCDF9}.Unicode Debug|Win32.ActiveCfg = Debug|Win32
		{C4667EDB-00C3-4786-90FC-14877A0FCDF9}.Unicode Debug|Win32.Build.0 = Debug|Win32
		{C4667EDB-00C3-4786-90FC-14877A0FCDF9}.Unicode Release|Win32.ActiveCfg = Release|Win32
		{C4667EDB-00C3-4786-90FC-14877A0FCDF9}.Unicode Release|Win32.Build.0 = Release|Win32
		{67C5A0AD-747F-4A92-8A1A-BA7491F26E8D}.Debug|Win32.ActiveCfg = Debug|Win32
		{67C5A0AD-747F-4A92-8A1A-BA7491F26E8D}.DebugOptimize|Win32.ActiveCfg = DebugOptimize|Win32
		{67C5A0AD-747F-4A92-8A1A-BA7491F26E8D}.DebugOptimize|Win32.Build.0 = DebugOptimize|Win32
		{67C5A0AD-747F-4A92-8A1A-BA7491F26E8D}.Release|Win32.ActiveCfg = Release|Win32
		{67C5A0AD-747F-4A92-8A1A-BA7491F26E8D}.Unicode Debug|Win32.ActiveCfg = Debug|Win32
		{67C5A0AD-747F-4A92-8A1A-BA7491F26E8D}.Unicode Debug|Win32.Build.0 = Debug|Win32
		{67C5A0AD-747F-4A92-8A1A-BA7491F26E8D}.Unicode Release|Win32.ActiveCfg = Release|Win32
		{67C5A0AD-747F-4A92-8A1A-BA7491F26E8D}.Unicode Release|Win32.Build.0 = Release|Win32
		{9926C1F5-D07F-43FF-959C-7CD14594951D}.Debug|Win32.ActiveCfg = Unicode Debug|Win32
		{9926C1F5-D07F-43FF-959C-7CD14594951D}.DebugOptimize|Win32.ActiveCfg = Unicode Release|Win32
		{9926C1F5-D07F-43FF-959C-7CD14594951D}.DebugOptimize|Win32.Build.0 = Unicode Release|Win32
		{9926C1F5-D07F-43FF-959C-7CD14594951D}.Release|Win32.ActiveCfg = Unicode Release|Win32
		{9926C1F5-D07F-43FF-959C-7CD14594951D}.Release|Win32.Build.0 = Unicode Release|Win32
		{9926C1F5-D07F-43FF-959C-7CD14594951D}.Unicode Debug|Win32.ActiveCfg = Unicode Debug|Win32
		{9926C1F5-D07F-43FF-959C-7CD14594951D}.Unicode Debug|Win32.Build.0 = Unicode Debug|Win32
		{9926C1F5-D07F-43FF-959C-7CD14594951D}.Unicode Release|Win32.ActiveCfg = Unicode Release|Win32
		{9926C1F5-D07F-43FF-959C-7CD14594951D}.Unicode Release|Win32.Build.0 = Unicode Release|Win32
		{380677A9-085E-4F1F-88CF-F46781141ABA}.Debug|Win32.ActiveCfg = Debug|Win32
		{380677A9-085E-4F1F-88CF-F46781141ABA}.Debug|Win32.Build.0 = Debug|Win32
		{380677A9-085E-4F1F-88CF-F46781141ABA}.DebugOptimize|Win32.ActiveCfg = DebugOptimize|Win32
		{380677A9-085E-4F1F-88CF-F46781141ABA}.DebugOptimize|Win32.Build.0 = DebugOptimize|Win32
		{380677A9-085E-4F1F-88CF-F46781141ABA}.Release|Win32.ActiveCfg = Release|Win32
		{380677A9-085E-4F1F-88CF-F46781141ABA}.Release|Win32.Build.0 = Release|Win32
		{380677A9-085E-4F1F-88CF-F46781141ABA}.Unicode Debug|Win32.ActiveCfg = Debug|Win32
		{380677A9-085E-4F1F-88CF-F46781141ABA}.Unicode Debug|Win32.Build.0 = Debug|Win32
		{380677A9-085E-4F1F-88CF-F46781141ABA}.Unicode Release|Win32.ActiveCfg = Release|Win32
		{380677A9-085E-4F1F-88CF-F46781141ABA}.Unicode Release|Win32.Build.0 = Release|Win32
	EndGlobalSection
	GlobalSection(SolutionProperties) = preSolution
		HideSolutionNode = FALSE
	EndGlobalSection
EndGlobal
